
Microsoft Visual Studio Solution File, Format Version 11.00
# Visual Studio 2010
Project("{FAE04EC0-301F-11D3-BF4B-00C04F79EFBC}") = "CubeEngine", "CubeEngine\CubeEngine\CubeEngine.csproj", "{8301684D-D0ED-4C83-97B0-F4FA8EB2346E}"
EndProject
Project("{96E2B04D-8817-42C6-938A-82C39BA4D311}") = "CubeEngineContent", "CubeEngine\CubeEngineContent\CubeEngineContent.contentproj", "{C7A15E85-AF3D-48E4-900A-31E4996B2B79}"
EndProject
Project("{FAE04EC0-301F-11D3-BF4B-00C04F79EFBC}") = "XerUtilities", "..\..\..\..\Dropbox\Projects\XerUtilities\XerUtilities.csproj", "{FD1FEEA1-2484-4FE1-915E-7305717CD28F}"
EndProject
Global
	GlobalSection(SolutionConfigurationPlatforms) = preSolution
		Debug|x86 = Debug|x86
		Release|x86 = Release|x86
	EndGlobalSection
	GlobalSection(ProjectConfigurationPlatforms) = postSolution
		{8301684D-D0ED-4C83-97B0-F4FA8EB2346E}.Debug|x86.ActiveCfg = Debug|x86
		{8301684D-D0ED-4C83-97B0-F4FA8EB2346E}.Debug|x86.Build.0 = Debug|x86
		{8301684D-D0ED-4C83-97B0-F4FA8EB2346E}.Release|x86.ActiveCfg = Release|x86
		{8301684D-D0ED-4C83-97B0-F4FA8EB2346E}.Release|x86.Build.0 = Release|x86
		{C7A15E85-AF3D-48E4-900A-31E4996B2B79}.Debug|x86.ActiveCfg = Debug|x86
		{C7A15E85-AF3D-48E4-900A-31E4996B2B79}.Release|x86.ActiveCfg = Release|x86
		{FD1FEEA1-2484-4FE1-915E-7305717CD28F}.Debug|x86.ActiveCfg = Debug|x86
		{FD1FEEA1-2484-4FE1-915E-7305717CD28F}.Debug|x86.Build.0 = Debug|x86
		{FD1FEEA1-2484-4FE1-915E-7305717CD28F}.Release|x86.ActiveCfg = Release|x86
		{FD1FEEA1-2484-4FE1-915E-7305717CD28F}.Release|x86.Build.0 = Release|x86
	EndGlobalSection
	GlobalSection(SolutionProperties) = preSolution
		HideSolutionNode = FALSE
	EndGlobalSection
EndGlobal
